
Microsoft Visual Studio Solution File, Format Version 12.00
# Visual Studio Version 17
VisualStudioVersion = 17.0.31903.59
MinimumVisualStudioVersion = 10.0.40219.1
Project("{9A19103F-16F7-4668-BE54-9A1E7A4F7556}") = "Proj07Blazor", "Proj07Blazor\Proj07Blazor.csproj", "{4046D464-B3D3-43B7-AFE0-823C4A272C76}"
EndProject
Global
	GlobalSection(SolutionConfigurationPlatforms) = preSolution
		Debug|Any CPU = Debug|Any CPU
		Release|Any CPU = Release|Any CPU
	EndGlobalSection
	GlobalSection(ProjectConfigurationPlatforms) = postSolution
		{4046D464-B3D3-43B7-AFE0-823C4A272C76}.Debug|Any CPU.ActiveCfg = Debug|Any CPU
		{4046D464-B3D3-43B7-AFE0-823C4A272C76}.Debug|Any CPU.Build.0 = Debug|Any CPU
		{4046D464-B3D3-43B7-AFE0-823C4A272C76}.Release|Any CPU.ActiveCfg = Release|Any CPU
		{4046D464-B3D3-43B7-AFE0-823C4A272C76}.Release|Any CPU.Build.0 = Release|Any CPU
	EndGlobalSection
	GlobalSection(SolutionProperties) = preSolution
		HideSolutionNode = FALSE
	EndGlobalSection
	GlobalSection(ExtensibilityGlobals) = postSolution
		SolutionGuid = {3CF5022B-87D0-4CE5-8A4B-259AAB264EC2}
	EndGlobalSection
EndGlobal
